
Microsoft Visual Studio Solution File, Format Version 12.00
# Visual Studio Version 16
VisualStudioVersion = 16.0.30002.166
MinimumVisualStudioVersion = 10.0.40219.1
Project("{FAE04EC0-301F-11D3-BF4B-00C04F79EFBC}") = "CommandPattern", "CommandPattern\CommandPattern.csproj", "{A7016A32-14D0-4709-9450-548BD695DEFF}"
EndProject
Global
	GlobalSection(SolutionConfigurationPlatforms) = preSolution
		Debug|Any CPU = Debug|Any CPU
		Release|Any CPU = Release|Any CPU
	EndGlobalSection
	GlobalSection(ProjectConfigurationPlatforms) = postSolution
		{A7016A32-14D0-4709-9450-548BD695DEFF}.Debug|Any CPU.ActiveCfg = Debug|Any CPU
		{A7016A32-14D0-4709-9450-548BD695DEFF}.Debug|Any CPU.Build.0 = Debug|Any CPU
		{A7016A32-14D0-4709-9450-548BD695DEFF}.Release|Any CPU.ActiveCfg = Release|Any CPU
		{A7016A32-14D0-4709-9450-548BD695DEFF}.Release|Any CPU.Build.0 = Release|Any CPU
	EndGlobalSection
	GlobalSection(SolutionProperties) = preSolution
		HideSolutionNode = FALSE
	EndGlobalSection
	GlobalSection(ExtensibilityGlobals) = postSolution
		SolutionGuid = {7796D746-C971-4AC9-B5A1-5BB54956942F}
	EndGlobalSection
EndGlobal
